<Solution>
  <Folder Name="/Solution Items/">
    <File Path=".gitignore" />
    <File Path="README.md" />
  </Folder>
  <Project Path="App.Access/App.Access.csproj" />
  <Project Path="App.Engine/App.Engine.csproj" />
  <Project Path="App.Host/App.Host.csproj" />
  <Project Path="App.Manager/App.Manager.csproj" />
  <Project Path="App.Tests/App.Tests.csproj" />
</Solution>
